
Microsoft Visual Studio Solution File, Format Version 12.00
# Visual Studio Version 17
VisualStudioVersion = 17.2.32616.157
MinimumVisualStudioVersion = 10.0.40219.1
Project("{FAE04EC0-301F-11D3-BF4B-00C04F79EFBC}") = "DataGenerator", "DataGenerator\DataGenerator.csproj", "{2137DF89-0202-4F9C-B2B7-92E5378D74FF}"
EndProject
Global
	GlobalSection(SolutionConfigurationPlatforms) = preSolution
		Debug|Any CPU = Debug|Any CPU
		Release|Any CPU = Release|Any CPU
	EndGlobalSection
	GlobalSection(ProjectConfigurationPlatforms) = postSolution
		{2137DF89-0202-4F9C-B2B7-92E5378D74FF}.Debug|Any CPU.ActiveCfg = Debug|Any CPU
		{2137DF89-0202-4F9C-B2B7-92E5378D74FF}.Debug|Any CPU.Build.0 = Debug|Any CPU
		{2137DF89-0202-4F9C-B2B7-92E5378D74FF}.Release|Any CPU.ActiveCfg = Release|Any CPU
		{2137DF89-0202-4F9C-B2B7-92E5378D74FF}.Release|Any CPU.Build.0 = Release|Any CPU
	EndGlobalSection
	GlobalSection(SolutionProperties) = preSolution
		HideSolutionNode = FALSE
	EndGlobalSection
	GlobalSection(ExtensibilityGlobals) = postSolution
		SolutionGuid = {6225ED4E-F68E-4FEB-B803-0326B7749D5A}
	EndGlobalSection
EndGlobal
